
Microsoft Visual Studio Solution File, Format Version 12.00
# Visual Studio Version 17
VisualStudioVersion = 17.5.33516.290
MinimumVisualStudioVersion = 10.0.40219.1
Project("{FAE04EC0-301F-11D3-BF4B-00C04F79EFBC}") = "LibraryAutoSystem", "LibraryAutoSystem\LibraryAutoSystem.csproj", "{67546D7C-3543-4958-AE5B-F3C716BC4B53}"
EndProject
Global
	GlobalSection(SolutionConfigurationPlatforms) = preSolution
		Debug|Any CPU = Debug|Any CPU
		Release|Any CPU = Release|Any CPU
	EndGlobalSection
	GlobalSection(ProjectConfigurationPlatforms) = postSolution
		{67546D7C-3543-4958-AE5B-F3C716BC4B53}.Debug|Any CPU.ActiveCfg = Debug|Any CPU
		{67546D7C-3543-4958-AE5B-F3C716BC4B53}.Debug|Any CPU.Build.0 = Debug|Any CPU
		{67546D7C-3543-4958-AE5B-F3C716BC4B53}.Release|Any CPU.ActiveCfg = Release|Any CPU
		{67546D7C-3543-4958-AE5B-F3C716BC4B53}.Release|Any CPU.Build.0 = Release|Any CPU
	EndGlobalSection
	GlobalSection(SolutionProperties) = preSolution
		HideSolutionNode = FALSE
	EndGlobalSection
	GlobalSection(ExtensibilityGlobals) = postSolution
		SolutionGuid = {B2BB0699-428B-48E2-8BF5-FAA1E54C01D9}
	EndGlobalSection
EndGlobal
